
Microsoft Visual Studio Solution File, Format Version 12.00
# Visual Studio 14
VisualStudioVersion = 14.0.25420.1
MinimumVisualStudioVersion = 10.0.40219.1
Project("{8BC9CEB8-8B4A-11D0-8D11-00A0C91BC942}") = "Ex01", "Exercises\Exercises.vcxproj", "{902615C5-2F6A-442C-9E31-AF94343E552F}"
EndProject
Project("{2150E333-8FDC-42A3-9474-1A3956D46DE8}") = "Chapter2", "Chapter2", "{04551113-1A8E-4B2B-8882-64018C389168}"
EndProject
Project("{8BC9CEB8-8B4A-11D0-8D11-00A0C91BC942}") = "Ex02", "Ex02\Ex02.vcxproj", "{C33FA089-9A5B-4615-92DD-AA49DA0C26BB}"
EndProject
Project("{8BC9CEB8-8B4A-11D0-8D11-00A0C91BC942}") = "Ex03", "Ex03\Ex03.vcxproj", "{5FAFD2D0-7803-4746-A338-0C03FA6CAEEE}"
EndProject
Project("{8BC9CEB8-8B4A-11D0-8D11-00A0C91BC942}") = "Ex04", "Ex04\Ex04.vcxproj", "{7C9E3362-70B8-4D06-94A3-B9B451CC3F36}"
EndProject
Project("{8BC9CEB8-8B4A-11D0-8D11-00A0C91BC942}") = "Ex05", "Ex05\Ex05.vcxproj", "{83D94C71-C1CA-414F-8A69-E9891A64DB94}"
EndProject
Project("{8BC9CEB8-8B4A-11D0-8D11-00A0C91BC942}") = "Ex06", "Ex06\Ex06.vcxproj", "{376DB0D8-BC0E-4511-9889-A4C74847C5DB}"
EndProject
Project("{8BC9CEB8-8B4A-11D0-8D11-00A0C91BC942}") = "Ex07", "Ex07\Ex07.vcxproj", "{ED4E3184-931C-44A4-AFAA-2CDD3631C0FA}"
EndProject
Project("{2150E333-8FDC-42A3-9474-1A3956D46DE8}") = "Chapter3", "Chapter3", "{FDDC5B22-9B5B-4A32-A2AC-19A7D20F491D}"
EndProject
Project("{8BC9CEB8-8B4A-11D0-8D11-00A0C91BC942}") = "Ex01", "Ex01\Ex01.vcxproj", "{7B995BAE-AD99-4151-9C4B-3528FC434645}"
EndProject
Global
	GlobalSection(SolutionConfigurationPlatforms) = preSolution
		Debug|x64 = Debug|x64
		Debug|x86 = Debug|x86
		Release|x64 = Release|x64
		Release|x86 = Release|x86
	EndGlobalSection
	GlobalSection(ProjectConfigurationPlatforms) = postSolution
		{902615C5-2F6A-442C-9E31-AF94343E552F}.Debug|x64.ActiveCfg = Debug|x64
		{902615C5-2F6A-442C-9E31-AF94343E552F}.Debug|x64.Build.0 = Debug|x64
		{902615C5-2F6A-442C-9E31-AF94343E552F}.Debug|x86.ActiveCfg = Debug|Win32
		{902615C5-2F6A-442C-9E31-AF94343E552F}.Debug|x86.Build.0 = Debug|Win32
		{902615C5-2F6A-442C-9E31-AF94343E552F}.Release|x64.ActiveCfg = Release|x64
		{902615C5-2F6A-442C-9E31-AF94343E552F}.Release|x64.Build.0 = Release|x64
		{902615C5-2F6A-442C-9E31-AF94343E552F}.Release|x86.ActiveCfg = Release|Win32
		{902615C5-2F6A-442C-9E31-AF94343E552F}.Release|x86.Build.0 = Release|Win32
		{C33FA089-9A5B-4615-92DD-AA49DA0C26BB}.Debug|x64.ActiveCfg = Debug|x64
		{C33FA089-9A5B-4615-92DD-AA49DA0C26BB}.Debug|x64.Build.0 = Debug|x64
		{C33FA089-9A5B-4615-92DD-AA49DA0C26BB}.Debug|x86.ActiveCfg = Debug|Win32
		{C33FA089-9A5B-4615-92DD-AA49DA0C26BB}.Debug|x86.Build.0 = Debug|Win32
		{C33FA089-9A5B-4615-92DD-AA49DA0C26BB}.Release|x64.ActiveCfg = Release|x64
		{C33FA089-9A5B-4615-92DD-AA49DA0C26BB}.Release|x64.Build.0 = Release|x64
		{C33FA089-9A5B-4615-92DD-AA49DA0C26BB}.Release|x86.ActiveCfg = Release|Win32
		{C33FA089-9A5B-4615-92DD-AA49DA0C26BB}.Release|x86.Build.0 = Release|Win32
		{5FAFD2D0-7803-4746-A338-0C03FA6CAEEE}.Debug|x64.ActiveCfg = Debug|x64
		{5FAFD2D0-7803-4746-A338-0C03FA6CAEEE}.Debug|x64.Build.0 = Debug|x64
		{5FAFD2D0-7803-4746-A338-0C03FA6CAEEE}.Debug|x86.ActiveCfg = Debug|Win32
		{5FAFD2D0-7803-4746-A338-0C03FA6CAEEE}.Debug|x86.Build.0 = Debug|Win32
		{5FAFD2D0-7803-4746-A338-0C03FA6CAEEE}.Release|x64.ActiveCfg = Release|x64
		{5FAFD2D0-7803-4746-A338-0C03FA6CAEEE}.Release|x64.Build.0 = Release|x64
		{5FAFD2D0-7803-4746-A338-0C03FA6CAEEE}.Release|x86.ActiveCfg = Release|Win32
		{5FAFD2D0-7803-4746-A338-0C03FA6CAEEE}.Release|x86.Build.0 = Release|Win32
		{7C9E3362-70B8-4D06-94A3-B9B451CC3F36}.Debug|x64.ActiveCfg = Debug|x64
		{7C9E3362-70B8-4D06-94A3-B9B451CC3F36}.Debug|x64.Build.0 = Debug|x64
		{7C9E3362-70B8-4D06-94A3-B9B451CC3F36}.Debug|x86.ActiveCfg = Debug|Win32
		{7C9E3362-70B8-4D06-94A3-B9B451CC3F36}.Debug|x86.Build.0 = Debug|Win32
		{7C9E3362-70B8-4D06-94A3-B9B451CC3F36}.Release|x64.ActiveCfg = Release|x64
		{7C9E3362-70B8-4D06-94A3-B9B451CC3F36}.Release|x64.Build.0 = Release|x64
		{7C9E3362-70B8-4D06-94A3-B9B451CC3F36}.Release|x86.ActiveCfg = Release|Win32
		{7C9E3362-70B8-4D06-94A3-B9B451CC3F36}.Release|x86.Build.0 = Release|Win32
		{83D94C71-C1CA-414F-8A69-E9891A64DB94}.Debug|x64.ActiveCfg = Debug|x64
		{83D94C71-C1CA-414F-8A69-E9891A64DB94}.Debug|x64.Build.0 = Debug|x64
		{83D94C71-C1CA-414F-8A69-E9891A64DB94}.Debug|x86.ActiveCfg = Debug|Win32
		{83D94C71-C1CA-414F-8A69-E9891A64DB94}.Debug|x86.Build.0 = Debug|Win32
		{83D94C71-C1CA-414F-8A69-E9891A64DB94}.Release|x64.ActiveCfg = Release|x64
		{83D94C71-C1CA-414F-8A69-E9891A64DB94}.Release|x64.Build.0 = Release|x64
		{83D94C71-C1CA-414F-8A69-E9891A64DB94}.Release|x86.ActiveCfg = Release|Win32
		{83D94C71-C1CA-414F-8A69-E9891A64DB94}.Release|x86.Build.0 = Release|Win32
		{376DB0D8-BC0E-4511-9889-A4C74847C5DB}.Debug|x64.ActiveCfg = Debug|x64
		{376DB0D8-BC0E-4511-9889-A4C74847C5DB}.Debug|x64.Build.0 = Debug|x64
		{376DB0D8-BC0E-4511-9889-A4C74847C5DB}.Debug|x86.ActiveCfg = Debug|Win32
		{376DB0D8-BC0E-4511-9889-A4C74847C5DB}.Debug|x86.Build.0 = Debug|Win32
		{376DB0D8-BC0E-4511-9889-A4C74847C5DB}.Release|x64.ActiveCfg = Release|x64
		{376DB0D8-BC0E-4511-9889-A4C74847C5DB}.Release|x64.Build.0 = Release|x64
		{376DB0D8-BC0E-4511-9889-A4C74847C5DB}.Release|x86.ActiveCfg = Release|Win32
		{376DB0D8-BC0E-4511-9889-A4C74847C5DB}.Release|x86.Build.0 = Release|Win32
		{ED4E3184-931C-44A4-AFAA-2CDD3631C0FA}.Debug|x64.ActiveCfg = Debug|x64
		{ED4E3184-931C-44A4-AFAA-2CDD3631C0FA}.Debug|x64.Build.0 = Debug|x64
		{ED4E3184-931C-44A4-AFAA-2CDD3631C0FA}.Debug|x86.ActiveCfg = Debug|Win32
		{ED4E3184-931C-44A4-AFAA-2CDD3631C0FA}.Debug|x86.Build.0 = Debug|Win32
		{ED4E3184-931C-44A4-AFAA-2CDD3631C0FA}.Release|x64.ActiveCfg = Release|x64
		{ED4E3184-931C-44A4-AFAA-2CDD3631C0FA}.Release|x64.Build.0 = Release|x64
		{ED4E3184-931C-44A4-AFAA-2CDD3631C0FA}.Release|x86.ActiveCfg = Release|Win32
		{ED4E3184-931C-44A4-AFAA-2CDD3631C0FA}.Release|x86.Build.0 = Release|Win32
		{7B995BAE-AD99-4151-9C4B-3528FC434645}.Debug|x64.ActiveCfg = Debug|x64
		{7B995BAE-AD99-4151-9C4B-3528FC434645}.Debug|x64.Build.0 = Debug|x64
		{7B995BAE-AD99-4151-9C4B-3528FC434645}.Debug|x86.ActiveCfg = Debug|Win32
		{7B995BAE-AD99-4151-9C4B-3528FC434645}.Debug|x86.Build.0 = Debug|Win32
		{7B995BAE-AD99-4151-9C4B-3528FC434645}.Release|x64.ActiveCfg = Release|x64
		{7B995BAE-AD99-4151-9C4B-3528FC434645}.Release|x64.Build.0 = Release|x64
		{7B995BAE-AD99-4151-9C4B-3528FC434645}.Release|x86.ActiveCfg = Release|Win32
		{7B995BAE-AD99-4151-9C4B-3528FC434645}.Release|x86.Build.0 = Release|Win32
	EndGlobalSection
	GlobalSection(SolutionProperties) = preSolution
		HideSolutionNode = FALSE
	EndGlobalSection
	GlobalSection(NestedProjects) = preSolution
		{902615C5-2F6A-442C-9E31-AF94343E552F} = {04551113-1A8E-4B2B-8882-64018C389168}
		{C33FA089-9A5B-4615-92DD-AA49DA0C26BB} = {04551113-1A8E-4B2B-8882-64018C389168}
		{5FAFD2D0-7803-4746-A338-0C03FA6CAEEE} = {04551113-1A8E-4B2B-8882-64018C389168}
		{7C9E3362-70B8-4D06-94A3-B9B451CC3F36} = {04551113-1A8E-4B2B-8882-64018C389168}
		{83D94C71-C1CA-414F-8A69-E9891A64DB94} = {04551113-1A8E-4B2B-8882-64018C389168}
		{376DB0D8-BC0E-4511-9889-A4C74847C5DB} = {04551113-1A8E-4B2B-8882-64018C389168}
		{ED4E3184-931C-44A4-AFAA-2CDD3631C0FA} = {04551113-1A8E-4B2B-8882-64018C389168}
		{7B995BAE-AD99-4151-9C4B-3528FC434645} = {FDDC5B22-9B5B-4A32-A2AC-19A7D20F491D}
	EndGlobalSection
EndGlobal
